
Microsoft Visual Studio Solution File, Format Version 12.00
# Visual Studio 15
VisualStudioVersion = 15.0.27703.2000
MinimumVisualStudioVersion = 10.0.40219.1
Project("{FAE04EC0-301F-11D3-BF4B-00C04F79EFBC}") = "Pomodoro", "Pomodoro\Pomodoro.csproj", "{9DAEDB8A-2F6F-4BBA-BFAD-B0F14B3F6288}"
EndProject
Global
	GlobalSection(SolutionConfigurationPlatforms) = preSolution
		Debug|Any CPU = Debug|Any CPU
		Release|Any CPU = Release|Any CPU
	EndGlobalSection
	GlobalSection(ProjectConfigurationPlatforms) = postSolution
		{9DAEDB8A-2F6F-4BBA-BFAD-B0F14B3F6288}.Debug|Any CPU.ActiveCfg = Debug|Any CPU
		{9DAEDB8A-2F6F-4BBA-BFAD-B0F14B3F6288}.Debug|Any CPU.Build.0 = Debug|Any CPU
		{9DAEDB8A-2F6F-4BBA-BFAD-B0F14B3F6288}.Release|Any CPU.ActiveCfg = Release|Any CPU
		{9DAEDB8A-2F6F-4BBA-BFAD-B0F14B3F6288}.Release|Any CPU.Build.0 = Release|Any CPU
	EndGlobalSection
	GlobalSection(SolutionProperties) = preSolution
		HideSolutionNode = FALSE
	EndGlobalSection
	GlobalSection(ExtensibilityGlobals) = postSolution
		SolutionGuid = {6845596C-0DA3-4AA7-B7DA-33D27A187B28}
	EndGlobalSection
EndGlobal
